
Microsoft Visual Studio Solution File, Format Version 12.00
# Visual Studio 15
VisualStudioVersion = 15.0.28307.757
MinimumVisualStudioVersion = 10.0.40219.1
Project("{FAE04EC0-301F-11D3-BF4B-00C04F79EFBC}") = "WebApi", "WebApi\WebApi.csproj", "{F90D4252-5B7D-4C1E-832B-502E70C584F4}"
EndProject
Project("{FAE04EC0-301F-11D3-BF4B-00C04F79EFBC}") = "DAL", "DAL\DAL.csproj", "{55EB375D-C270-453F-B5A1-A64265414790}"
EndProject
Project("{FAE04EC0-301F-11D3-BF4B-00C04F79EFBC}") = "BL", "BL\BL.csproj", "{07DC0DC5-612F-4C98-AB23-39935C8E4891}"
EndProject
Project("{FAE04EC0-301F-11D3-BF4B-00C04F79EFBC}") = "DTO", "DTO\DTO.csproj", "{25F0AA04-244A-470A-8756-3AD39AA3429B}"
EndProject
Global
	GlobalSection(SolutionConfigurationPlatforms) = preSolution
		Debug|Any CPU = Debug|Any CPU
		Release|Any CPU = Release|Any CPU
	EndGlobalSection
	GlobalSection(ProjectConfigurationPlatforms) = postSolution
		{F90D4252-5B7D-4C1E-832B-502E70C584F4}.Debug|Any CPU.ActiveCfg = Debug|Any CPU
		{F90D4252-5B7D-4C1E-832B-502E70C584F4}.Debug|Any CPU.Build.0 = Debug|Any CPU
		{F90D4252-5B7D-4C1E-832B-502E70C584F4}.Release|Any CPU.ActiveCfg = Release|Any CPU
		{F90D4252-5B7D-4C1E-832B-502E70C584F4}.Release|Any CPU.Build.0 = Release|Any CPU
		{55EB375D-C270-453F-B5A1-A64265414790}.Debug|Any CPU.ActiveCfg = Debug|Any CPU
		{55EB375D-C270-453F-B5A1-A64265414790}.Debug|Any CPU.Build.0 = Debug|Any CPU
		{55EB375D-C270-453F-B5A1-A64265414790}.Release|Any CPU.ActiveCfg = Release|Any CPU
		{55EB375D-C270-453F-B5A1-A64265414790}.Release|Any CPU.Build.0 = Release|Any CPU
		{07DC0DC5-612F-4C98-AB23-39935C8E4891}.Debug|Any CPU.ActiveCfg = Debug|Any CPU
		{07DC0DC5-612F-4C98-AB23-39935C8E4891}.Debug|Any CPU.Build.0 = Debug|Any CPU
		{07DC0DC5-612F-4C98-AB23-39935C8E4891}.Release|Any CPU.ActiveCfg = Release|Any CPU
		{07DC0DC5-612F-4C98-AB23-39935C8E4891}.Release|Any CPU.Build.0 = Release|Any CPU
		{25F0AA04-244A-470A-8756-3AD39AA3429B}.Debug|Any CPU.ActiveCfg = Debug|Any CPU
		{25F0AA04-244A-470A-8756-3AD39AA3429B}.Debug|Any CPU.Build.0 = Debug|Any CPU
		{25F0AA04-244A-470A-8756-3AD39AA3429B}.Release|Any CPU.ActiveCfg = Release|Any CPU
		{25F0AA04-244A-470A-8756-3AD39AA3429B}.Release|Any CPU.Build.0 = Release|Any CPU
	EndGlobalSection
	GlobalSection(SolutionProperties) = preSolution
		HideSolutionNode = FALSE
	EndGlobalSection
	GlobalSection(ExtensibilityGlobals) = postSolution
		SolutionGuid = {C734723A-6A5F-4F1A-B1A9-11E7794F067F}
	EndGlobalSection
EndGlobal
